
Microsoft Visual Studio Solution File, Format Version 12.00
# Visual Studio Version 17
VisualStudioVersion = 17.5.33530.505
MinimumVisualStudioVersion = 10.0.40219.1
Project("{FAE04EC0-301F-11D3-BF4B-00C04F79EFBC}") = "BulkyBookWeb", "BulkyBookWeb\BulkyBookWeb.csproj", "{5DA8029B-31AF-4A09-B2C5-2A2010EE04E5}"
EndProject
Global
	GlobalSection(SolutionConfigurationPlatforms) = preSolution
		Debug|Any CPU = Debug|Any CPU
		Release|Any CPU = Release|Any CPU
	EndGlobalSection
	GlobalSection(ProjectConfigurationPlatforms) = postSolution
		{5DA8029B-31AF-4A09-B2C5-2A2010EE04E5}.Debug|Any CPU.ActiveCfg = Debug|Any CPU
		{5DA8029B-31AF-4A09-B2C5-2A2010EE04E5}.Debug|Any CPU.Build.0 = Debug|Any CPU
		{5DA8029B-31AF-4A09-B2C5-2A2010EE04E5}.Release|Any CPU.ActiveCfg = Release|Any CPU
		{5DA8029B-31AF-4A09-B2C5-2A2010EE04E5}.Release|Any CPU.Build.0 = Release|Any CPU
	EndGlobalSection
	GlobalSection(SolutionProperties) = preSolution
		HideSolutionNode = FALSE
	EndGlobalSection
	GlobalSection(ExtensibilityGlobals) = postSolution
		SolutionGuid = {6D7ABFCE-FC06-42AE-B4FD-C93937ACB81C}
	EndGlobalSection
EndGlobal
