
Microsoft Visual Studio Solution File, Format Version 12.00
# Visual Studio Version 17
VisualStudioVersion = 17.5.33530.505
MinimumVisualStudioVersion = 10.0.40219.1
Project("{FAE04EC0-301F-11D3-BF4B-00C04F79EFBC}") = "MVCExcelProject", "MVCExcelProject\MVCExcelProject.csproj", "{687465E9-388E-4FC6-A5F6-F314EA7B8378}"
EndProject
Global
	GlobalSection(SolutionConfigurationPlatforms) = preSolution
		Debug|Any CPU = Debug|Any CPU
		Release|Any CPU = Release|Any CPU
	EndGlobalSection
	GlobalSection(ProjectConfigurationPlatforms) = postSolution
		{687465E9-388E-4FC6-A5F6-F314EA7B8378}.Debug|Any CPU.ActiveCfg = Debug|Any CPU
		{687465E9-388E-4FC6-A5F6-F314EA7B8378}.Debug|Any CPU.Build.0 = Debug|Any CPU
		{687465E9-388E-4FC6-A5F6-F314EA7B8378}.Release|Any CPU.ActiveCfg = Release|Any CPU
		{687465E9-388E-4FC6-A5F6-F314EA7B8378}.Release|Any CPU.Build.0 = Release|Any CPU
	EndGlobalSection
	GlobalSection(SolutionProperties) = preSolution
		HideSolutionNode = FALSE
	EndGlobalSection
	GlobalSection(ExtensibilityGlobals) = postSolution
		SolutionGuid = {9CDDDD29-47F3-4CF7-B276-ED8F29FC39DF}
	EndGlobalSection
EndGlobal
